{
  "name": "CMS",
  "version": "14.0.0",
  "lockfileVersion": 3,
  "requires": true,
  "packages": {
    "": {
      "name": "CMS",
      "version": "14.0.0",
      "license": "MIT",
      "dependencies": {
        "total4": "^0.0.87"
      }
    },
    "node_modules/total4": {
      "version": "0.0.87",
      "resolved": "https://registry.npmjs.org/total4/-/total4-0.0.87.tgz",
      "integrity": "sha512-Ncn+t/CMI+BVR2a3VYsCpJSPPUERF+8KgRJb/nPudV6wsIiZ198ZDvkhsCnRUDEFFUouj6G1se8yB94EDp2aTg==",
      "bin": {
        "total4": "bin/total4"
      }
    }
  }
}
